{
  "name": "2025-01-09-node-basics",
  "version": "1.0.0",
  "lockfileVersion": 3,
  "requires": true,
  "packages": {
    "": {
      "name": "2025-01-09-node-basics",
      "version": "1.0.0",
      "license": "ISC",
      "dependencies": {
        "casual": "^1.6.2",
        "colors": "^1.4.0",
        "systeminformation": "^5.25.6"
      }
    },
    "node_modules/casual": {
      "version": "1.6.2",
      "resolved": "https://registry.npmjs.org/casual/-/casual-1.6.2.tgz",
      "integrity": "sha512-NQObL800rg32KZ9bBajHbyDjxLXxxuShChQg7A4tbSeG3n1t7VYGOSkzFSI9gkSgOHp+xilEJ7G0L5l6M30KYA==",
      "license": "MIT",
      "dependencies": {
        "mersenne-twister": "^1.0.1",
        "moment": "^2.15.2"
      }
    },
    "node_modules/colors": {
      "version": "1.4.0",
      "resolved": "https://registry.npmjs.org/colors/-/colors-1.4.0.tgz",
      "integrity": "sha512-a+UqTh4kgZg/SlGvfbzDHpgRu7AAQOmmqRHJnxhRZICKFUT91brVhNNt58CMWU9PsBbv3PDCZUHbVxuDiH2mtA==",
      "license": "MIT",
      "engines": {
        "node": ">=0.1.90"
      }
    },
    "node_modules/mersenne-twister": {
      "version": "1.1.0",
      "resolved": "https://registry.npmjs.org/mersenne-twister/-/mersenne-twister-1.1.0.tgz",
      "integrity": "sha512-mUYWsMKNrm4lfygPkL3OfGzOPTR2DBlTkBNHM//F6hGp8cLThY897crAlk3/Jo17LEOOjQUrNAx6DvgO77QJkA==",
      "license": "MIT"
    },
    "node_modules/moment": {
      "version": "2.30.1",
      "resolved": "https://registry.npmjs.org/moment/-/moment-2.30.1.tgz",
      "integrity": "sha512-uEmtNhbDOrWPFS+hdjFCBfy9f2YoyzRpwcl+DqpC6taX21FzsTLQVbMV/W7PzNSX6x/bhC1zA3c2UQ5NzH6how==",
      "license": "MIT",
      "engines": {
        "node": "*"
      }
    },
    "node_modules/systeminformation": {
      "version": "5.25.6",
      "resolved": "https://registry.npmjs.org/systeminformation/-/systeminformation-5.25.6.tgz",
      "integrity": "sha512-MQbI9T7M5EFQP5ILDNd1fWQy3SK+TLnd4ywa3k+aQMTdpLw0omlO7X25q+QqStOgJYpXeJCV0mW+2i4THTEdIQ==",
      "license": "MIT",
      "os": [
        "darwin",
        "linux",
        "win32",
        "freebsd",
        "openbsd",
        "netbsd",
        "sunos",
        "android"
      ],
      "bin": {
        "systeminformation": "lib/cli.js"
      },
      "engines": {
        "node": ">=8.0.0"
      },
      "funding": {
        "type": "Buy me a coffee",
        "url": "https://www.buymeacoffee.com/systeminfo"
      }
    }
  }
}
